
Microsoft Visual Studio Solution File, Format Version 12.00
# Visual Studio Version 16
VisualStudioVersion = 16.0.31624.102
MinimumVisualStudioVersion = 10.0.40219.1
Project("{FAE04EC0-301F-11D3-BF4B-00C04F79EFBC}") = "Ex09", "Ex09\Ex09.csproj", "{C7CA86DB-D9E0-4BE8-8B4E-3E13D2B3B6ED}"
EndProject
Global
	GlobalSection(SolutionConfigurationPlatforms) = preSolution
		Debug|Any CPU = Debug|Any CPU
		Release|Any CPU = Release|Any CPU
	EndGlobalSection
	GlobalSection(ProjectConfigurationPlatforms) = postSolution
		{C7CA86DB-D9E0-4BE8-8B4E-3E13D2B3B6ED}.Debug|Any CPU.ActiveCfg = Debug|Any CPU
		{C7CA86DB-D9E0-4BE8-8B4E-3E13D2B3B6ED}.Debug|Any CPU.Build.0 = Debug|Any CPU
		{C7CA86DB-D9E0-4BE8-8B4E-3E13D2B3B6ED}.Release|Any CPU.ActiveCfg = Release|Any CPU
		{C7CA86DB-D9E0-4BE8-8B4E-3E13D2B3B6ED}.Release|Any CPU.Build.0 = Release|Any CPU
	EndGlobalSection
	GlobalSection(SolutionProperties) = preSolution
		HideSolutionNode = FALSE
	EndGlobalSection
	GlobalSection(ExtensibilityGlobals) = postSolution
		SolutionGuid = {63B434F9-7394-4DCE-A13F-AE95F6F6C834}
	EndGlobalSection
EndGlobal
