
Microsoft Visual Studio Solution File, Format Version 12.00
# Visual Studio Version 16
VisualStudioVersion = 16.0.31624.102
MinimumVisualStudioVersion = 10.0.40219.1
Project("{FAE04EC0-301F-11D3-BF4B-00C04F79EFBC}") = "Ex05", "Ex05\Ex05.csproj", "{E0DA0FB9-A510-4366-9D4E-049269606D9C}"
EndProject
Global
	GlobalSection(SolutionConfigurationPlatforms) = preSolution
		Debug|Any CPU = Debug|Any CPU
		Release|Any CPU = Release|Any CPU
	EndGlobalSection
	GlobalSection(ProjectConfigurationPlatforms) = postSolution
		{E0DA0FB9-A510-4366-9D4E-049269606D9C}.Debug|Any CPU.ActiveCfg = Debug|Any CPU
		{E0DA0FB9-A510-4366-9D4E-049269606D9C}.Debug|Any CPU.Build.0 = Debug|Any CPU
		{E0DA0FB9-A510-4366-9D4E-049269606D9C}.Release|Any CPU.ActiveCfg = Release|Any CPU
		{E0DA0FB9-A510-4366-9D4E-049269606D9C}.Release|Any CPU.Build.0 = Release|Any CPU
	EndGlobalSection
	GlobalSection(SolutionProperties) = preSolution
		HideSolutionNode = FALSE
	EndGlobalSection
	GlobalSection(ExtensibilityGlobals) = postSolution
		SolutionGuid = {DC8EF4D5-3277-4738-B18E-24308F5F8F37}
	EndGlobalSection
EndGlobal
