
Microsoft Visual Studio Solution File, Format Version 12.00
# Visual Studio Version 16
VisualStudioVersion = 16.0.31624.102
MinimumVisualStudioVersion = 10.0.40219.1
Project("{FAE04EC0-301F-11D3-BF4B-00C04F79EFBC}") = "Ex03", "Ex03\Ex03.csproj", "{42D0D3CF-E831-4A55-9436-150F0C119075}"
EndProject
Global
	GlobalSection(SolutionConfigurationPlatforms) = preSolution
		Debug|Any CPU = Debug|Any CPU
		Release|Any CPU = Release|Any CPU
	EndGlobalSection
	GlobalSection(ProjectConfigurationPlatforms) = postSolution
		{42D0D3CF-E831-4A55-9436-150F0C119075}.Debug|Any CPU.ActiveCfg = Debug|Any CPU
		{42D0D3CF-E831-4A55-9436-150F0C119075}.Debug|Any CPU.Build.0 = Debug|Any CPU
		{42D0D3CF-E831-4A55-9436-150F0C119075}.Release|Any CPU.ActiveCfg = Release|Any CPU
		{42D0D3CF-E831-4A55-9436-150F0C119075}.Release|Any CPU.Build.0 = Release|Any CPU
	EndGlobalSection
	GlobalSection(SolutionProperties) = preSolution
		HideSolutionNode = FALSE
	EndGlobalSection
	GlobalSection(ExtensibilityGlobals) = postSolution
		SolutionGuid = {59CFE58D-BEDD-4A6B-94EB-270096094B25}
	EndGlobalSection
EndGlobal
