
Microsoft Visual Studio Solution File, Format Version 12.00
# Visual Studio Version 16
VisualStudioVersion = 16.0.31624.102
MinimumVisualStudioVersion = 10.0.40219.1
Project("{FAE04EC0-301F-11D3-BF4B-00C04F79EFBC}") = "Ex11", "Ex11\Ex11.csproj", "{4DADBBBE-7319-46E8-AECE-BA0369FBCCE4}"
EndProject
Global
	GlobalSection(SolutionConfigurationPlatforms) = preSolution
		Debug|Any CPU = Debug|Any CPU
		Release|Any CPU = Release|Any CPU
	EndGlobalSection
	GlobalSection(ProjectConfigurationPlatforms) = postSolution
		{4DADBBBE-7319-46E8-AECE-BA0369FBCCE4}.Debug|Any CPU.ActiveCfg = Debug|Any CPU
		{4DADBBBE-7319-46E8-AECE-BA0369FBCCE4}.Debug|Any CPU.Build.0 = Debug|Any CPU
		{4DADBBBE-7319-46E8-AECE-BA0369FBCCE4}.Release|Any CPU.ActiveCfg = Release|Any CPU
		{4DADBBBE-7319-46E8-AECE-BA0369FBCCE4}.Release|Any CPU.Build.0 = Release|Any CPU
	EndGlobalSection
	GlobalSection(SolutionProperties) = preSolution
		HideSolutionNode = FALSE
	EndGlobalSection
	GlobalSection(ExtensibilityGlobals) = postSolution
		SolutionGuid = {F7F34C1C-90D6-4275-B784-44150642C208}
	EndGlobalSection
EndGlobal
